
Microsoft Visual Studio Solution File, Format Version 12.00
# Visual Studio Version 17
VisualStudioVersion = 17.5.33424.131
MinimumVisualStudioVersion = 10.0.40219.1
Project("{2150E333-8FDC-42A3-9474-1A3956D46DE8}") = "Data", "Data", "{22A173B9-B854-4A1B-8AED-2421B4E38605}"
EndProject
Project("{2150E333-8FDC-42A3-9474-1A3956D46DE8}") = "Systems", "Systems", "{57ED9309-69F9-4785-A082-B37B98D241E4}"
EndProject
Project("{2150E333-8FDC-42A3-9474-1A3956D46DE8}") = "Services", "Services", "{EF672A7F-60ED-4100-9E84-90F2283D50CA}"
EndProject
Project("{2150E333-8FDC-42A3-9474-1A3956D46DE8}") = "Api", "Api", "{DBC42BA3-D86D-403F-B604-444D446321CB}"
EndProject
Project("{9A19103F-16F7-4668-BE54-9A1E7A4F7556}") = "OnlineCinema.Api", "Systems\Api\OnlineCinemaApi\OnlineCinema.Api.csproj", "{641AB2CE-B23B-4892-8978-5C31C196A862}"
EndProject
Project("{9A19103F-16F7-4668-BE54-9A1E7A4F7556}") = "OnlineCinema.BL", "Services\OnlineCinema.BL\OnlineCinema.BL.csproj", "{575E1AFA-84A3-4603-B205-5A0AF18FCB27}"
EndProject
Project("{9A19103F-16F7-4668-BE54-9A1E7A4F7556}") = "Migrations", "Migrations\Migrations.csproj", "{7605EF2E-79C0-4AC7-B31D-5545A99737AB}"
EndProject
Project("{9A19103F-16F7-4668-BE54-9A1E7A4F7556}") = "Repository", "Repository\Repository.csproj", "{0B041D17-425C-4832-B09A-AF1A215F5493}"
EndProject
Project("{2150E333-8FDC-42A3-9474-1A3956D46DE8}") = "Tests", "Tests", "{D3502E6D-DB37-4AA3-BF52-281023EC9571}"
EndProject
Project("{9A19103F-16F7-4668-BE54-9A1E7A4F7556}") = "OnlineCinema.BL.UnitTests", "OnlineCinema.BL.UnitTests\OnlineCinema.BL.UnitTests.csproj", "{414BDA33-0C08-4391-8260-85A475FABD6D}"
EndProject
Project("{9A19103F-16F7-4668-BE54-9A1E7A4F7556}") = "OnlineCinema.UnitTests", "OnlineCinema.UnitTests\OnlineCinema.UnitTests.csproj", "{C031C2F2-47BE-4854-99E9-1E5A96968306}"
EndProject
Project("{9A19103F-16F7-4668-BE54-9A1E7A4F7556}") = "OnlineCinema.Context", "Data\OnlineCinema.Context\OnlineCinema.Context.csproj", "{489C11C9-E81A-4963-A972-3F87B24E4666}"
EndProject
Project("{9A19103F-16F7-4668-BE54-9A1E7A4F7556}") = "OnlineCinema.Contex.Entities", "Data\OnlineCinema.Context.Entities\OnlineCinema.Contex.Entities.csproj", "{316F6314-64AB-4E85-A754-BB0618F169DF}"
EndProject
Global
	GlobalSection(SolutionConfigurationPlatforms) = preSolution
		Debug|Any CPU = Debug|Any CPU
		Release|Any CPU = Release|Any CPU
	EndGlobalSection
	GlobalSection(ProjectConfigurationPlatforms) = postSolution
		{641AB2CE-B23B-4892-8978-5C31C196A862}.Debug|Any CPU.ActiveCfg = Debug|Any CPU
		{641AB2CE-B23B-4892-8978-5C31C196A862}.Debug|Any CPU.Build.0 = Debug|Any CPU
		{641AB2CE-B23B-4892-8978-5C31C196A862}.Release|Any CPU.ActiveCfg = Release|Any CPU
		{641AB2CE-B23B-4892-8978-5C31C196A862}.Release|Any CPU.Build.0 = Release|Any CPU
		{575E1AFA-84A3-4603-B205-5A0AF18FCB27}.Debug|Any CPU.ActiveCfg = Debug|Any CPU
		{575E1AFA-84A3-4603-B205-5A0AF18FCB27}.Debug|Any CPU.Build.0 = Debug|Any CPU
		{575E1AFA-84A3-4603-B205-5A0AF18FCB27}.Release|Any CPU.ActiveCfg = Release|Any CPU
		{575E1AFA-84A3-4603-B205-5A0AF18FCB27}.Release|Any CPU.Build.0 = Release|Any CPU
		{7605EF2E-79C0-4AC7-B31D-5545A99737AB}.Debug|Any CPU.ActiveCfg = Debug|Any CPU
		{7605EF2E-79C0-4AC7-B31D-5545A99737AB}.Debug|Any CPU.Build.0 = Debug|Any CPU
		{7605EF2E-79C0-4AC7-B31D-5545A99737AB}.Release|Any CPU.ActiveCfg = Release|Any CPU
		{7605EF2E-79C0-4AC7-B31D-5545A99737AB}.Release|Any CPU.Build.0 = Release|Any CPU
		{0B041D17-425C-4832-B09A-AF1A215F5493}.Debug|Any CPU.ActiveCfg = Debug|Any CPU
		{0B041D17-425C-4832-B09A-AF1A215F5493}.Debug|Any CPU.Build.0 = Debug|Any CPU
		{0B041D17-425C-4832-B09A-AF1A215F5493}.Release|Any CPU.ActiveCfg = Release|Any CPU
		{0B041D17-425C-4832-B09A-AF1A215F5493}.Release|Any CPU.Build.0 = Release|Any CPU
		{414BDA33-0C08-4391-8260-85A475FABD6D}.Debug|Any CPU.ActiveCfg = Debug|Any CPU
		{414BDA33-0C08-4391-8260-85A475FABD6D}.Debug|Any CPU.Build.0 = Debug|Any CPU
		{414BDA33-0C08-4391-8260-85A475FABD6D}.Release|Any CPU.ActiveCfg = Release|Any CPU
		{414BDA33-0C08-4391-8260-85A475FABD6D}.Release|Any CPU.Build.0 = Release|Any CPU
		{C031C2F2-47BE-4854-99E9-1E5A96968306}.Debug|Any CPU.ActiveCfg = Debug|Any CPU
		{C031C2F2-47BE-4854-99E9-1E5A96968306}.Debug|Any CPU.Build.0 = Debug|Any CPU
		{C031C2F2-47BE-4854-99E9-1E5A96968306}.Release|Any CPU.ActiveCfg = Release|Any CPU
		{C031C2F2-47BE-4854-99E9-1E5A96968306}.Release|Any CPU.Build.0 = Release|Any CPU
		{489C11C9-E81A-4963-A972-3F87B24E4666}.Debug|Any CPU.ActiveCfg = Debug|Any CPU
		{489C11C9-E81A-4963-A972-3F87B24E4666}.Debug|Any CPU.Build.0 = Debug|Any CPU
		{489C11C9-E81A-4963-A972-3F87B24E4666}.Release|Any CPU.ActiveCfg = Release|Any CPU
		{489C11C9-E81A-4963-A972-3F87B24E4666}.Release|Any CPU.Build.0 = Release|Any CPU
		{316F6314-64AB-4E85-A754-BB0618F169DF}.Debug|Any CPU.ActiveCfg = Debug|Any CPU
		{316F6314-64AB-4E85-A754-BB0618F169DF}.Debug|Any CPU.Build.0 = Debug|Any CPU
		{316F6314-64AB-4E85-A754-BB0618F169DF}.Release|Any CPU.ActiveCfg = Release|Any CPU
		{316F6314-64AB-4E85-A754-BB0618F169DF}.Release|Any CPU.Build.0 = Release|Any CPU
	EndGlobalSection
	GlobalSection(SolutionProperties) = preSolution
		HideSolutionNode = FALSE
	EndGlobalSection
	GlobalSection(NestedProjects) = preSolution
		{DBC42BA3-D86D-403F-B604-444D446321CB} = {57ED9309-69F9-4785-A082-B37B98D241E4}
		{641AB2CE-B23B-4892-8978-5C31C196A862} = {DBC42BA3-D86D-403F-B604-444D446321CB}
		{575E1AFA-84A3-4603-B205-5A0AF18FCB27} = {EF672A7F-60ED-4100-9E84-90F2283D50CA}
		{7605EF2E-79C0-4AC7-B31D-5545A99737AB} = {22A173B9-B854-4A1B-8AED-2421B4E38605}
		{0B041D17-425C-4832-B09A-AF1A215F5493} = {22A173B9-B854-4A1B-8AED-2421B4E38605}
		{414BDA33-0C08-4391-8260-85A475FABD6D} = {D3502E6D-DB37-4AA3-BF52-281023EC9571}
		{C031C2F2-47BE-4854-99E9-1E5A96968306} = {D3502E6D-DB37-4AA3-BF52-281023EC9571}
		{489C11C9-E81A-4963-A972-3F87B24E4666} = {22A173B9-B854-4A1B-8AED-2421B4E38605}
		{316F6314-64AB-4E85-A754-BB0618F169DF} = {22A173B9-B854-4A1B-8AED-2421B4E38605}
	EndGlobalSection
	GlobalSection(ExtensibilityGlobals) = postSolution
		SolutionGuid = {847162A3-C43A-47BE-9F23-DC72E0E9C641}
	EndGlobalSection
EndGlobal
